<Solution>
  <Folder Name="/src/">
    <Project Path="src/KoreForge.SwaggerControllers.Abstractions/KoreForge.SwaggerControllers.Abstractions.csproj" />
  </Folder>
  <Folder Name="/tst/">
    <Project Path="tst/KoreForge.SwaggerControllers.Abstractions.Tests/KoreForge.SwaggerControllers.Abstractions.Tests.csproj" />
  </Folder>
  <Folder Name="/templates/" />
</Solution>
